
Microsoft Visual Studio Solution File, Format Version 12.00
# Visual Studio Version 17
VisualStudioVersion = 17.8.34330.188
MinimumVisualStudioVersion = 10.0.40219.1
Project("{9A19103F-16F7-4668-BE54-9A1E7A4F7556}") = "expensesapp", "expensesapp.csproj", "{4475EB39-B7EA-44C1-8F1D-CC756EAEECFA}"
EndProject
Project("{2150E333-8FDC-42A3-9474-1A3956D46DE8}") = "Solution Items", "Solution Items", "{AFE56269-7B08-4E33-8DFE-7F1F11F80E1C}"
	ProjectSection(SolutionItems) = preProject
		.editorconfig = .editorconfig
	EndProjectSection
EndProject
Project("{FAE04EC0-301F-11D3-BF4B-00C04F79EFBC}") = "expenses.Auth", "..\expenses.Auth\expenses.Auth.csproj", "{C8D6DD19-C4DF-49EE-ADE8-9EE2AF1B72CB}"
EndProject
Global
	GlobalSection(SolutionConfigurationPlatforms) = preSolution
		Debug|Any CPU = Debug|Any CPU
		Release|Any CPU = Release|Any CPU
	EndGlobalSection
	GlobalSection(ProjectConfigurationPlatforms) = postSolution
		{4475EB39-B7EA-44C1-8F1D-CC756EAEECFA}.Debug|Any CPU.ActiveCfg = Debug|Any CPU
		{4475EB39-B7EA-44C1-8F1D-CC756EAEECFA}.Debug|Any CPU.Build.0 = Debug|Any CPU
		{4475EB39-B7EA-44C1-8F1D-CC756EAEECFA}.Release|Any CPU.ActiveCfg = Release|Any CPU
		{4475EB39-B7EA-44C1-8F1D-CC756EAEECFA}.Release|Any CPU.Build.0 = Release|Any CPU
		{C8D6DD19-C4DF-49EE-ADE8-9EE2AF1B72CB}.Debug|Any CPU.ActiveCfg = Debug|Any CPU
		{C8D6DD19-C4DF-49EE-ADE8-9EE2AF1B72CB}.Debug|Any CPU.Build.0 = Debug|Any CPU
		{C8D6DD19-C4DF-49EE-ADE8-9EE2AF1B72CB}.Release|Any CPU.ActiveCfg = Release|Any CPU
		{C8D6DD19-C4DF-49EE-ADE8-9EE2AF1B72CB}.Release|Any CPU.Build.0 = Release|Any CPU
	EndGlobalSection
	GlobalSection(SolutionProperties) = preSolution
		HideSolutionNode = FALSE
	EndGlobalSection
	GlobalSection(ExtensibilityGlobals) = postSolution
		SolutionGuid = {69C4031A-E0DC-4CF6-94A7-1477F1938BE8}
	EndGlobalSection
EndGlobal
